
Microsoft Visual Studio Solution File, Format Version 12.00
# Visual Studio Version 16
VisualStudioVersion = 16.0.31129.286
MinimumVisualStudioVersion = 10.0.40219.1
Project("{FAE04EC0-301F-11D3-BF4B-00C04F79EFBC}") = "MVC_Curso", "MVC_Curso\MVC_Curso.csproj", "{E8927CD0-B80B-4FB8-B9B6-28D99A2F59B7}"
EndProject
Global
	GlobalSection(SolutionConfigurationPlatforms) = preSolution
		Debug|Any CPU = Debug|Any CPU
		Release|Any CPU = Release|Any CPU
	EndGlobalSection
	GlobalSection(ProjectConfigurationPlatforms) = postSolution
		{E8927CD0-B80B-4FB8-B9B6-28D99A2F59B7}.Debug|Any CPU.ActiveCfg = Debug|Any CPU
		{E8927CD0-B80B-4FB8-B9B6-28D99A2F59B7}.Debug|Any CPU.Build.0 = Debug|Any CPU
		{E8927CD0-B80B-4FB8-B9B6-28D99A2F59B7}.Release|Any CPU.ActiveCfg = Release|Any CPU
		{E8927CD0-B80B-4FB8-B9B6-28D99A2F59B7}.Release|Any CPU.Build.0 = Release|Any CPU
	EndGlobalSection
	GlobalSection(SolutionProperties) = preSolution
		HideSolutionNode = FALSE
	EndGlobalSection
	GlobalSection(ExtensibilityGlobals) = postSolution
		SolutionGuid = {627FCE5A-181E-45D9-868C-E5FDF45F1733}
	EndGlobalSection
EndGlobal
